
Microsoft Visual Studio Solution File, Format Version 12.00
# Visual Studio Version 17
VisualStudioVersion = 17.5.33424.131
MinimumVisualStudioVersion = 10.0.40219.1
Project("{FAE04EC0-301F-11D3-BF4B-00C04F79EFBC}") = "lab08", "lab08\lab08.csproj", "{7A5E7C47-D47A-4BFB-89A4-9F5E96CC61DB}"
EndProject
Project("{FAE04EC0-301F-11D3-BF4B-00C04F79EFBC}") = "Bussiness", "Bussiness\Bussiness.csproj", "{174DDCAB-0113-48C6-B1C0-E4E90DA53B86}"
EndProject
Project("{FAE04EC0-301F-11D3-BF4B-00C04F79EFBC}") = "Data", "Data\Data.csproj", "{6CC8E2B3-06B7-4D79-82B4-1E07F6146D87}"
EndProject
Project("{FAE04EC0-301F-11D3-BF4B-00C04F79EFBC}") = "Entity", "Entity\Entity.csproj", "{C902E6EA-8726-4F47-90AC-5F281A38C2DC}"
EndProject
Project("{FAE04EC0-301F-11D3-BF4B-00C04F79EFBC}") = "Lab8Vista", "Lab8Vista\Lab8Vista.csproj", "{9C18B692-8651-4723-BA8B-FF1A46DE02C7}"
EndProject
Global
	GlobalSection(SolutionConfigurationPlatforms) = preSolution
		Debug|Any CPU = Debug|Any CPU
		Release|Any CPU = Release|Any CPU
	EndGlobalSection
	GlobalSection(ProjectConfigurationPlatforms) = postSolution
		{7A5E7C47-D47A-4BFB-89A4-9F5E96CC61DB}.Debug|Any CPU.ActiveCfg = Debug|Any CPU
		{7A5E7C47-D47A-4BFB-89A4-9F5E96CC61DB}.Debug|Any CPU.Build.0 = Debug|Any CPU
		{7A5E7C47-D47A-4BFB-89A4-9F5E96CC61DB}.Release|Any CPU.ActiveCfg = Release|Any CPU
		{7A5E7C47-D47A-4BFB-89A4-9F5E96CC61DB}.Release|Any CPU.Build.0 = Release|Any CPU
		{174DDCAB-0113-48C6-B1C0-E4E90DA53B86}.Debug|Any CPU.ActiveCfg = Debug|Any CPU
		{174DDCAB-0113-48C6-B1C0-E4E90DA53B86}.Debug|Any CPU.Build.0 = Debug|Any CPU
		{174DDCAB-0113-48C6-B1C0-E4E90DA53B86}.Release|Any CPU.ActiveCfg = Release|Any CPU
		{174DDCAB-0113-48C6-B1C0-E4E90DA53B86}.Release|Any CPU.Build.0 = Release|Any CPU
		{6CC8E2B3-06B7-4D79-82B4-1E07F6146D87}.Debug|Any CPU.ActiveCfg = Debug|Any CPU
		{6CC8E2B3-06B7-4D79-82B4-1E07F6146D87}.Debug|Any CPU.Build.0 = Debug|Any CPU
		{6CC8E2B3-06B7-4D79-82B4-1E07F6146D87}.Release|Any CPU.ActiveCfg = Release|Any CPU
		{6CC8E2B3-06B7-4D79-82B4-1E07F6146D87}.Release|Any CPU.Build.0 = Release|Any CPU
		{C902E6EA-8726-4F47-90AC-5F281A38C2DC}.Debug|Any CPU.ActiveCfg = Debug|Any CPU
		{C902E6EA-8726-4F47-90AC-5F281A38C2DC}.Debug|Any CPU.Build.0 = Debug|Any CPU
		{C902E6EA-8726-4F47-90AC-5F281A38C2DC}.Release|Any CPU.ActiveCfg = Release|Any CPU
		{C902E6EA-8726-4F47-90AC-5F281A38C2DC}.Release|Any CPU.Build.0 = Release|Any CPU
		{9C18B692-8651-4723-BA8B-FF1A46DE02C7}.Debug|Any CPU.ActiveCfg = Debug|Any CPU
		{9C18B692-8651-4723-BA8B-FF1A46DE02C7}.Debug|Any CPU.Build.0 = Debug|Any CPU
		{9C18B692-8651-4723-BA8B-FF1A46DE02C7}.Release|Any CPU.ActiveCfg = Release|Any CPU
		{9C18B692-8651-4723-BA8B-FF1A46DE02C7}.Release|Any CPU.Build.0 = Release|Any CPU
	EndGlobalSection
	GlobalSection(SolutionProperties) = preSolution
		HideSolutionNode = FALSE
	EndGlobalSection
	GlobalSection(ExtensibilityGlobals) = postSolution
		SolutionGuid = {3F6172A7-EC3E-4DF9-BE64-68E47C905A96}
	EndGlobalSection
EndGlobal
